{
  "requires": true,
  "lockfileVersion": 1,
  "dependencies": {
    "vue": {
      "version": "2.6.11",
      "resolved": "http://10.116.18.70:8081/content/groups/npm-quantex-group/vue/-/vue-2.6.11.tgz",
      "integrity": "sha1-dllNh31LEiNEBuhONSdcbVFBJcU="
    },
    "vuex": {
      "version": "3.5.1",
      "resolved": "http://10.116.18.70:8081/content/groups/npm-quantex-group/vuex/-/vuex-3.5.1.tgz",
      "integrity": "sha1-8bjc6mSbwlJUz09DWAgdv12hiz0="
    }
  }
}
